
Microsoft Visual Studio Solution File, Format Version 12.00
# Visual Studio 15
VisualStudioVersion = 15.0.28307.1000
MinimumVisualStudioVersion = 10.0.40219.1
Project("{FAE04EC0-301F-11D3-BF4B-00C04F79EFBC}") = "WebAPI", "WebAPI\WebAPI.csproj", "{CF3B33BB-AE5B-47B3-9D21-8C15C9BBABF5}"
EndProject
Project("{FAE04EC0-301F-11D3-BF4B-00C04F79EFBC}") = "ASP.NETMVCLoginIdentity", "C:\Users\fvrqo\OneDrive\Documents\Visual Studio 2017\Projects\ASP.NETMVCLoginIdentity\ASP.NETMVCLoginIdentity\ASP.NETMVCLoginIdentity.csproj", "{08B13E09-8D10-47F3-BCD3-5D494CA97226}"
EndProject
Global
	GlobalSection(SolutionConfigurationPlatforms) = preSolution
		Debug|Any CPU = Debug|Any CPU
		Release|Any CPU = Release|Any CPU
	EndGlobalSection
	GlobalSection(ProjectConfigurationPlatforms) = postSolution
		{CF3B33BB-AE5B-47B3-9D21-8C15C9BBABF5}.Debug|Any CPU.ActiveCfg = Debug|Any CPU
		{CF3B33BB-AE5B-47B3-9D21-8C15C9BBABF5}.Debug|Any CPU.Build.0 = Debug|Any CPU
		{CF3B33BB-AE5B-47B3-9D21-8C15C9BBABF5}.Release|Any CPU.ActiveCfg = Release|Any CPU
		{CF3B33BB-AE5B-47B3-9D21-8C15C9BBABF5}.Release|Any CPU.Build.0 = Release|Any CPU
		{08B13E09-8D10-47F3-BCD3-5D494CA97226}.Debug|Any CPU.ActiveCfg = Debug|Any CPU
		{08B13E09-8D10-47F3-BCD3-5D494CA97226}.Debug|Any CPU.Build.0 = Debug|Any CPU
		{08B13E09-8D10-47F3-BCD3-5D494CA97226}.Release|Any CPU.ActiveCfg = Release|Any CPU
		{08B13E09-8D10-47F3-BCD3-5D494CA97226}.Release|Any CPU.Build.0 = Release|Any CPU
	EndGlobalSection
	GlobalSection(SolutionProperties) = preSolution
		HideSolutionNode = FALSE
	EndGlobalSection
	GlobalSection(ExtensibilityGlobals) = postSolution
		SolutionGuid = {44E9068B-858D-45BC-8D81-591EF7AD4FCA}
	EndGlobalSection
EndGlobal
